
Microsoft Visual Studio Solution File, Format Version 12.00
# Visual Studio Version 17
VisualStudioVersion = 17.12.35527.113 d17.12
MinimumVisualStudioVersion = 10.0.40219.1
Project("{FAE04EC0-301F-11D3-BF4B-00C04F79EFBC}") = "EkofyApp.Api", "EkofyApp.Api\EkofyApp.Api.csproj", "{C9299673-BAB7-4ABC-9172-FD3C3CFC0C3B}"
EndProject
Project("{FAE04EC0-301F-11D3-BF4B-00C04F79EFBC}") = "EkofyApp.Domain", "EkofyApp.Domain\EkofyApp.Domain.csproj", "{AF6434C0-3B56-4E19-A6FF-2F63DE691DC1}"
EndProject
Project("{FAE04EC0-301F-11D3-BF4B-00C04F79EFBC}") = "EkofyApp.Infrastructure", "EkofyApp.Infrastructure\EkofyApp.Infrastructure.csproj", "{FDC479D4-17ED-451C-BBCA-88FF4EDBF32B}"
EndProject
Project("{FAE04EC0-301F-11D3-BF4B-00C04F79EFBC}") = "EkofyApp.Application", "EkofyApp.Application\EkofyApp.Application.csproj", "{95A4F950-712D-483F-9D66-51BC2E50F7FD}"
EndProject
Global
	GlobalSection(SolutionConfigurationPlatforms) = preSolution
		Debug|Any CPU = Debug|Any CPU
		Release|Any CPU = Release|Any CPU
	EndGlobalSection
	GlobalSection(ProjectConfigurationPlatforms) = postSolution
		{C9299673-BAB7-4ABC-9172-FD3C3CFC0C3B}.Debug|Any CPU.ActiveCfg = Debug|Any CPU
		{C9299673-BAB7-4ABC-9172-FD3C3CFC0C3B}.Debug|Any CPU.Build.0 = Debug|Any CPU
		{C9299673-BAB7-4ABC-9172-FD3C3CFC0C3B}.Release|Any CPU.ActiveCfg = Release|Any CPU
		{C9299673-BAB7-4ABC-9172-FD3C3CFC0C3B}.Release|Any CPU.Build.0 = Release|Any CPU
		{AF6434C0-3B56-4E19-A6FF-2F63DE691DC1}.Debug|Any CPU.ActiveCfg = Debug|Any CPU
		{AF6434C0-3B56-4E19-A6FF-2F63DE691DC1}.Debug|Any CPU.Build.0 = Debug|Any CPU
		{AF6434C0-3B56-4E19-A6FF-2F63DE691DC1}.Release|Any CPU.ActiveCfg = Release|Any CPU
		{AF6434C0-3B56-4E19-A6FF-2F63DE691DC1}.Release|Any CPU.Build.0 = Release|Any CPU
		{FDC479D4-17ED-451C-BBCA-88FF4EDBF32B}.Debug|Any CPU.ActiveCfg = Debug|Any CPU
		{FDC479D4-17ED-451C-BBCA-88FF4EDBF32B}.Debug|Any CPU.Build.0 = Debug|Any CPU
		{FDC479D4-17ED-451C-BBCA-88FF4EDBF32B}.Release|Any CPU.ActiveCfg = Release|Any CPU
		{FDC479D4-17ED-451C-BBCA-88FF4EDBF32B}.Release|Any CPU.Build.0 = Release|Any CPU
		{95A4F950-712D-483F-9D66-51BC2E50F7FD}.Debug|Any CPU.ActiveCfg = Debug|Any CPU
		{95A4F950-712D-483F-9D66-51BC2E50F7FD}.Debug|Any CPU.Build.0 = Debug|Any CPU
		{95A4F950-712D-483F-9D66-51BC2E50F7FD}.Release|Any CPU.ActiveCfg = Release|Any CPU
		{95A4F950-712D-483F-9D66-51BC2E50F7FD}.Release|Any CPU.Build.0 = Release|Any CPU
	EndGlobalSection
	GlobalSection(SolutionProperties) = preSolution
		HideSolutionNode = FALSE
	EndGlobalSection
EndGlobal
